
Microsoft Visual Studio Solution File, Format Version 12.00
# Visual Studio 15
VisualStudioVersion = 15.0.26430.16
MinimumVisualStudioVersion = 10.0.40219.1
Project("{FAE04EC0-301F-11D3-BF4B-00C04F79EFBC}") = "test_app", "chdk_ptp_test\test_app.csproj", "{CD122D2C-6D0D-4D72-B5C2-99AC28C13A34}"
EndProject
Project("{2150E333-8FDC-42A3-9474-1A3956D46DE8}") = "Solution Items", "Solution Items", "{B04125F6-4EED-400D-AC2A-4C76DE5E660F}"
	ProjectSection(SolutionItems) = preProject
		LICENSE_1_0.txt = LICENSE_1_0.txt
		README.txt = README.txt
	EndProjectSection
EndProject
Project("{9A19103F-16F7-4668-BE54-9A1E7A4F7556}") = "PTP", "PTP\PTP.csproj", "{A899C9B0-D0D1-425F-93C5-73253AE3A80C}"
EndProject
Project("{9A19103F-16F7-4668-BE54-9A1E7A4F7556}") = "CHDKPTP", "CHDKPTP\CHDKPTP.csproj", "{1EDBA8DE-81A6-41ED-AA5D-4EFEAB9BA69E}"
EndProject
Project("{9A19103F-16F7-4668-BE54-9A1E7A4F7556}") = "CHDKPTPRemote", "CHDKPTPRemote\CHDKPTPRemote.csproj", "{11E62D8A-EADA-48E2-A9B6-695F4F45E688}"
EndProject
Global
	GlobalSection(SolutionConfigurationPlatforms) = preSolution
		Debug|Any CPU = Debug|Any CPU
		Release|Any CPU = Release|Any CPU
	EndGlobalSection
	GlobalSection(ProjectConfigurationPlatforms) = postSolution
		{CD122D2C-6D0D-4D72-B5C2-99AC28C13A34}.Debug|Any CPU.ActiveCfg = Debug|Any CPU
		{CD122D2C-6D0D-4D72-B5C2-99AC28C13A34}.Debug|Any CPU.Build.0 = Debug|Any CPU
		{CD122D2C-6D0D-4D72-B5C2-99AC28C13A34}.Release|Any CPU.ActiveCfg = Release|Any CPU
		{CD122D2C-6D0D-4D72-B5C2-99AC28C13A34}.Release|Any CPU.Build.0 = Release|Any CPU
		{A899C9B0-D0D1-425F-93C5-73253AE3A80C}.Debug|Any CPU.ActiveCfg = Debug|Any CPU
		{A899C9B0-D0D1-425F-93C5-73253AE3A80C}.Debug|Any CPU.Build.0 = Debug|Any CPU
		{A899C9B0-D0D1-425F-93C5-73253AE3A80C}.Release|Any CPU.ActiveCfg = Release|Any CPU
		{A899C9B0-D0D1-425F-93C5-73253AE3A80C}.Release|Any CPU.Build.0 = Release|Any CPU
		{1EDBA8DE-81A6-41ED-AA5D-4EFEAB9BA69E}.Debug|Any CPU.ActiveCfg = Debug|Any CPU
		{1EDBA8DE-81A6-41ED-AA5D-4EFEAB9BA69E}.Debug|Any CPU.Build.0 = Debug|Any CPU
		{1EDBA8DE-81A6-41ED-AA5D-4EFEAB9BA69E}.Release|Any CPU.ActiveCfg = Release|Any CPU
		{1EDBA8DE-81A6-41ED-AA5D-4EFEAB9BA69E}.Release|Any CPU.Build.0 = Release|Any CPU
		{11E62D8A-EADA-48E2-A9B6-695F4F45E688}.Debug|Any CPU.ActiveCfg = Debug|Any CPU
		{11E62D8A-EADA-48E2-A9B6-695F4F45E688}.Debug|Any CPU.Build.0 = Debug|Any CPU
		{11E62D8A-EADA-48E2-A9B6-695F4F45E688}.Release|Any CPU.ActiveCfg = Release|Any CPU
		{11E62D8A-EADA-48E2-A9B6-695F4F45E688}.Release|Any CPU.Build.0 = Release|Any CPU
	EndGlobalSection
	GlobalSection(SolutionProperties) = preSolution
		HideSolutionNode = FALSE
	EndGlobalSection
EndGlobal
